{
    "_readme": [
        "This file locks the dependencies of your project to a known state",
        "Read more about it at https://getcomposer.org/doc/01-basic-usage.md#installing-dependencies",
        "This file is @generated automatically"
    ],
    "content-hash": "8334049841105d68ec94a3e3a0e8efea",
    "packages": [],
    "packages-dev": [
        {
            "name": "dealerdirect/phpcodesniffer-composer-installer",
            "version": "v0.5.0",
            "source": {
                "type": "git",
                "url": "https://github.com/Dealerdirect/phpcodesniffer-composer-installer.git",
                "reference": "e749410375ff6fb7a040a68878c656c2e610b132"
            },
            "dist": {
                "type": "zip",
                "url": "https://api.github.com/repos/Dealerdirect/phpcodesniffer-composer-installer/zipball/e749410375ff6fb7a040a68878c656c2e610b132",
                "reference": "e749410375ff6fb7a040a68878c656c2e610b132",
                "shasum": ""
            },
            "require": {
                "composer-plugin-api": "^1.0",
                "php": "^5.3|^7",
                "squizlabs/php_codesniffer": "^2|^3"
            },
            "require-dev": {
                "composer/composer": "*",
                "phpcompatibility/php-compatibility": "^9.0",
                "sensiolabs/security-checker": "^4.1.0"
            },
            "type": "composer-plugin",
            "extra": {
                "class": "Dealerdirect\\Composer\\Plugin\\Installers\\PHPCodeSniffer\\Plugin"
            },
            "autoload": {
                "psr-4": {
                    "Dealerdirect\\Composer\\Plugin\\Installers\\PHPCodeSniffer\\": "src/"
                }
            },
            "notification-url": "https://packagist.org/downloads/",
            "license": [
                "MIT"
            ],
            "authors": [
                {
                    "name": "Franck Nijhof",
                    "email": "franck.nijhof@dealerdirect.com",
                    "homepage": "http://www.frenck.nl",
                    "role": "Developer / IT Manager"
                }
            ],
            "description": "PHP_CodeSniffer Standards Composer Installer Plugin",
            "homepage": "http://www.dealerdirect.com",
            "keywords": [
                "PHPCodeSniffer",
                "PHP_CodeSniffer",
                "code quality",
                "codesniffer",
                "composer",
                "installer",
                "phpcs",
                "plugin",
                "qa",
                "quality",
                "standard",
                "standards",
                "style guide",
                "stylecheck",
                "tests"
            ],
            "time": "2018-10-26T13:21:45+00:00"
        },
        {
            "name": "phpstan/phpdoc-parser",
            "version": "0.3.4",
            "source": {
                "type": "git",
                "url": "https://github.com/phpstan/phpdoc-parser.git",
                "reference": "ab518a5fc8f1d90f58bd2c5552ba915e2c477b66"
            },
            "dist": {
                "type": "zip",
                "url": "https://api.github.com/repos/phpstan/phpdoc-parser/zipball/ab518a5fc8f1d90f58bd2c5552ba915e2c477b66",
                "reference": "ab518a5fc8f1d90f58bd2c5552ba915e2c477b66",
                "shasum": ""
            },
            "require": {
                "php": "~7.1"
            },
            "require-dev": {
                "consistence/coding-standard": "^3.5",
                "jakub-onderka/php-parallel-lint": "^0.9.2",
                "phing/phing": "^2.16.0",
                "phpstan/phpstan": "^0.10",
                "phpunit/phpunit": "^6.3",
                "slevomat/coding-standard": "^4.7.2",
                "squizlabs/php_codesniffer": "^3.3.2",
                "symfony/process": "^3.4 || ^4.0"
            },
            "type": "library",
            "extra": {
                "branch-alias": {
                    "dev-master": "0.3-dev"
                }
            },
            "autoload": {
                "psr-4": {
                    "PHPStan\\PhpDocParser\\": [
                        "src/"
                    ]
                }
            },
            "notification-url": "https://packagist.org/downloads/",
            "license": [
                "MIT"
            ],
            "description": "PHPDoc parser with support for nullable, intersection and generic types",
            "time": "2019-05-28T11:40:00+00:00"
        },
        {
            "name": "slevomat/coding-standard",
            "version": "5.0.4",
            "source": {
                "type": "git",
                "url": "https://github.com/slevomat/coding-standard.git",
                "reference": "287ac3347c47918c0bf5e10335e36197ea10894c"
            },
            "dist": {
                "type": "zip",
                "url": "https://api.github.com/repos/slevomat/coding-standard/zipball/287ac3347c47918c0bf5e10335e36197ea10894c",
                "reference": "287ac3347c47918c0bf5e10335e36197ea10894c",
                "shasum": ""
            },
            "require": {
                "php": "^7.1",
                "phpstan/phpdoc-parser": "^0.3.1",
                "squizlabs/php_codesniffer": "^3.4.1"
            },
            "require-dev": {
                "jakub-onderka/php-parallel-lint": "1.0.0",
                "phing/phing": "2.16.1",
                "phpstan/phpstan": "0.11.4",
                "phpstan/phpstan-phpunit": "0.11",
                "phpstan/phpstan-strict-rules": "0.11",
                "phpunit/phpunit": "8.0.5"
            },
            "type": "phpcodesniffer-standard",
            "autoload": {
                "psr-4": {
                    "SlevomatCodingStandard\\": "SlevomatCodingStandard"
                }
            },
            "notification-url": "https://packagist.org/downloads/",
            "license": [
                "MIT"
            ],
            "description": "Slevomat Coding Standard for PHP_CodeSniffer complements Consistence Coding Standard by providing sniffs with additional checks.",
            "time": "2019-03-22T19:10:53+00:00"
        },
        {
            "name": "squizlabs/php_codesniffer",
            "version": "3.4.2",
            "source": {
                "type": "git",
                "url": "https://github.com/squizlabs/PHP_CodeSniffer.git",
                "reference": "b8a7362af1cc1aadb5bd36c3defc4dda2cf5f0a8"
            },
            "dist": {
                "type": "zip",
                "url": "https://api.github.com/repos/squizlabs/PHP_CodeSniffer/zipball/b8a7362af1cc1aadb5bd36c3defc4dda2cf5f0a8",
                "reference": "b8a7362af1cc1aadb5bd36c3defc4dda2cf5f0a8",
                "shasum": ""
            },
            "require": {
                "ext-simplexml": "*",
                "ext-tokenizer": "*",
                "ext-xmlwriter": "*",
                "php": ">=5.4.0"
            },
            "require-dev": {
                "phpunit/phpunit": "^4.0 || ^5.0 || ^6.0 || ^7.0"
            },
            "bin": [
                "bin/phpcs",
                "bin/phpcbf"
            ],
            "type": "library",
            "extra": {
                "branch-alias": {
                    "dev-master": "3.x-dev"
                }
            },
            "notification-url": "https://packagist.org/downloads/",
            "license": [
                "BSD-3-Clause"
            ],
            "authors": [
                {
                    "name": "Greg Sherwood",
                    "role": "lead"
                }
            ],
            "description": "PHP_CodeSniffer tokenizes PHP, JavaScript and CSS files and detects violations of a defined set of coding standards.",
            "homepage": "https://github.com/squizlabs/PHP_CodeSniffer",
            "keywords": [
                "phpcs",
                "standards"
            ],
            "time": "2019-04-10T23:49:02+00:00"
        }
    ],
    "aliases": [],
    "minimum-stability": "stable",
    "stability-flags": [],
    "prefer-stable": false,
    "prefer-lowest": false,
    "platform": [],
    "platform-dev": []
}
