{
    "_readme": [
        "This file locks the dependencies of your project to a known state",
        "Read more about it at https://getcomposer.org/doc/01-basic-usage.md#installing-dependencies",
        "This file is @generated automatically"
    ],
    "content-hash": "bc07352e7963cd895fb0c113b442d7c1",
    "packages": [
        {
            "name": "composer/ca-bundle",
            "version": "1.0.0",
            "source": {
                "type": "git",
                "url": "https://github.com/composer/ca-bundle.git",
                "reference": "4059c02b474668bde9d115731615eaf073691ee1"
            },
            "dist": {
                "type": "zip",
                "url": "https://api.github.com/repos/composer/ca-bundle/zipball/4059c02b474668bde9d115731615eaf073691ee1",
                "reference": "4059c02b474668bde9d115731615eaf073691ee1",
                "shasum": ""
            },
            "require": {
                "php": "^5.3.2 || ^7.0"
            },
            "require-dev": {
                "symfony/process": "^2.5 || ^3.0"
            },
            "suggest": {
                "symfony/process": "This is necessary to reliably check whether openssl_x509_parse is vulnerable on older php versions, but can be ignored on PHP 5.5.6+"
            },
            "type": "library",
            "extra": {
                "branch-alias": {
                    "dev-master": "1.x-dev"
                }
            },
            "autoload": {
                "psr-4": {
                    "Composer\\CaBundle\\": "src"
                }
            },
            "notification-url": "https://packagist.org/downloads/",
            "license": [
                "MIT"
            ],
            "authors": [
                {
                    "name": "Jordi Boggiano",
                    "email": "j.boggiano@seld.be",
                    "homepage": "http://seld.be"
                }
            ],
            "description": "Lets you find a path to the system CA bundle, and includes a fallback to the Mozilla CA bundle.",
            "keywords": [
                "cabundle",
                "cacert",
                "certificate",
                "ssl",
                "tls"
            ],
            "time": "2016-04-11T15:47:46+00:00"
        },
        {
            "name": "composer/composer",
            "version": "1.6.0",
            "source": {
                "type": "git",
                "url": "https://github.com/composer/composer.git",
                "reference": "87f845d1c14aa22819c51b367ad7e07823f2e2ec"
            },
            "dist": {
                "type": "zip",
                "url": "https://api.github.com/repos/composer/composer/zipball/87f845d1c14aa22819c51b367ad7e07823f2e2ec",
                "reference": "87f845d1c14aa22819c51b367ad7e07823f2e2ec",
                "shasum": ""
            },
            "require": {
                "composer/ca-bundle": "^1.0",
                "composer/semver": "^1.0",
                "composer/spdx-licenses": "^1.0",
                "justinrainbow/json-schema": "^3.0 || ^4.0 || ^5.0",
                "php": "^5.3.2 || ^7.0",
                "psr/log": "^1.0",
                "seld/cli-prompt": "^1.0",
                "seld/jsonlint": "^1.4",
                "seld/phar-utils": "^1.0",
                "symfony/console": "^2.7 || ^3.0 || ^4.0",
                "symfony/filesystem": "^2.7 || ^3.0 || ^4.0",
                "symfony/finder": "^2.7 || ^3.0 || ^4.0",
                "symfony/process": "^2.7 || ^3.0 || ^4.0"
            },
            "require-dev": {
                "phpunit/phpunit": "^4.8.35 || ^5.7",
                "phpunit/phpunit-mock-objects": "^2.3 || ^3.0"
            },
            "suggest": {
                "ext-openssl": "Enabling the openssl extension allows you to access https URLs for repositories and packages",
                "ext-zip": "Enabling the zip extension allows you to unzip archives",
                "ext-zlib": "Allow gzip compression of HTTP requests"
            },
            "bin": [
                "bin/composer"
            ],
            "type": "library",
            "extra": {
                "branch-alias": {
                    "dev-master": "1.6-dev"
                }
            },
            "autoload": {
                "psr-4": {
                    "Composer\\": "src/Composer"
                }
            },
            "notification-url": "https://packagist.org/downloads/",
            "license": [
                "MIT"
            ],
            "authors": [
                {
                    "name": "Nils Adermann",
                    "email": "naderman@naderman.de",
                    "homepage": "http://www.naderman.de"
                },
                {
                    "name": "Jordi Boggiano",
                    "email": "j.boggiano@seld.be",
                    "homepage": "http://seld.be"
                }
            ],
            "description": "Composer helps you declare, manage and install dependencies of PHP projects, ensuring you have the right stack everywhere.",
            "homepage": "https://getcomposer.org/",
            "keywords": [
                "autoload",
                "dependency",
                "package"
            ],
            "time": "2018-01-04T11:03:23+00:00"
        },
        {
            "name": "composer/semver",
            "version": "1.0.0",
            "source": {
                "type": "git",
                "url": "https://github.com/composer/semver.git",
                "reference": "d0e1ccc6d44ab318b758d709e19176037da6b1ba"
            },
            "dist": {
                "type": "zip",
                "url": "https://api.github.com/repos/composer/semver/zipball/d0e1ccc6d44ab318b758d709e19176037da6b1ba",
                "reference": "d0e1ccc6d44ab318b758d709e19176037da6b1ba",
                "shasum": ""
            },
            "require": {
                "php": ">=5.3.2"
            },
            "require-dev": {
                "phpunit/phpunit": "~4.5",
                "phpunit/phpunit-mock-objects": "~2.3"
            },
            "type": "library",
            "extra": {
                "branch-alias": {
                    "dev-master": "0.1-dev"
                }
            },
            "autoload": {
                "psr-4": {
                    "Composer\\Semver\\": "src"
                }
            },
            "notification-url": "https://packagist.org/downloads/",
            "license": [
                "MIT"
            ],
            "authors": [
                {
                    "name": "Rob Bast",
                    "email": "rob.bast@gmail.com"
                },
                {
                    "name": "Nils Adermann",
                    "email": "naderman@naderman.de",
                    "homepage": "http://www.naderman.de"
                },
                {
                    "name": "Jordi Boggiano",
                    "email": "j.boggiano@seld.be",
                    "homepage": "http://seld.be"
                }
            ],
            "description": "Semver library that offers utilities, version constraint parsing and validation.",
            "keywords": [
                "semantic",
                "semver",
                "validation",
                "versioning"
            ],
            "time": "2015-09-21T09:42:36+00:00"
        },
        {
            "name": "composer/spdx-licenses",
            "version": "1.1.0",
            "source": {
                "type": "git",
                "url": "https://github.com/composer/spdx-licenses.git",
                "reference": "2f17228c1b98283b779698cefa917f7f4fd0b0d4"
            },
            "dist": {
                "type": "zip",
                "url": "https://api.github.com/repos/composer/spdx-licenses/zipball/2f17228c1b98283b779698cefa917f7f4fd0b0d4",
                "reference": "2f17228c1b98283b779698cefa917f7f4fd0b0d4",
                "shasum": ""
            },
            "require": {
                "php": ">=5.3.2"
            },
            "require-dev": {
                "phpunit/phpunit": "~4.5",
                "phpunit/phpunit-mock-objects": "~2.3"
            },
            "type": "library",
            "extra": {
                "branch-alias": {
                    "dev-master": "1.0-dev"
                }
            },
            "autoload": {
                "psr-4": {
                    "Composer\\Spdx\\": "src"
                }
            },
            "notification-url": "https://packagist.org/downloads/",
            "license": [
                "MIT"
            ],
            "authors": [
                {
                    "name": "Rob Bast",
                    "email": "rob.bast@gmail.com"
                },
                {
                    "name": "Nils Adermann",
                    "email": "naderman@naderman.de",
                    "homepage": "http://www.naderman.de"
                },
                {
                    "name": "Jordi Boggiano",
                    "email": "j.boggiano@seld.be",
                    "homepage": "http://seld.be"
                }
            ],
            "description": "SPDX licenses list and validation library.",
            "keywords": [
                "license",
                "spdx",
                "validator"
            ],
            "time": "2015-07-17T06:17:03+00:00"
        },
        {
            "name": "justinrainbow/json-schema",
            "version": "3.0.0",
            "source": {
                "type": "git",
                "url": "https://github.com/justinrainbow/json-schema.git",
                "reference": "12965831120bb18852e9865804a6089906323b8e"
            },
            "dist": {
                "type": "zip",
                "url": "https://api.github.com/repos/justinrainbow/json-schema/zipball/12965831120bb18852e9865804a6089906323b8e",
                "reference": "12965831120bb18852e9865804a6089906323b8e",
                "shasum": ""
            },
            "require": {
                "php": ">=5.3.3"
            },
            "require-dev": {
                "json-schema/json-schema-test-suite": "1.2.0",
                "phpdocumentor/phpdocumentor": "~2",
                "phpunit/phpunit": "^4.8.22"
            },
            "bin": [
                "bin/validate-json"
            ],
            "type": "library",
            "extra": {
                "branch-alias": {
                    "dev-master": "2.0.x-dev"
                }
            },
            "autoload": {
                "psr-4": {
                    "JsonSchema\\": "src/JsonSchema/"
                }
            },
            "notification-url": "https://packagist.org/downloads/",
            "license": [
                "MIT"
            ],
            "authors": [
                {
                    "name": "Bruno Prieto Reis",
                    "email": "bruno.p.reis@gmail.com"
                },
                {
                    "name": "Justin Rainbow",
                    "email": "justin.rainbow@gmail.com"
                },
                {
                    "name": "Igor Wiedler",
                    "email": "igor@wiedler.ch"
                },
                {
                    "name": "Robert Schönthal",
                    "email": "seroscho@googlemail.com"
                }
            ],
            "description": "A library to validate a json schema.",
            "homepage": "https://github.com/justinrainbow/json-schema",
            "keywords": [
                "json",
                "schema"
            ],
            "time": "2016-08-15T16:39:11+00:00"
        },
        {
            "name": "psr/log",
            "version": "1.0.0",
            "source": {
                "type": "git",
                "url": "https://github.com/php-fig/log.git",
                "reference": "fe0936ee26643249e916849d48e3a51d5f5e278b"
            },
            "dist": {
                "type": "zip",
                "url": "https://api.github.com/repos/php-fig/log/zipball/fe0936ee26643249e916849d48e3a51d5f5e278b",
                "reference": "fe0936ee26643249e916849d48e3a51d5f5e278b",
                "shasum": ""
            },
            "type": "library",
            "autoload": {
                "psr-0": {
                    "Psr\\Log\\": ""
                }
            },
            "notification-url": "https://packagist.org/downloads/",
            "license": [
                "MIT"
            ],
            "authors": [
                {
                    "name": "PHP-FIG",
                    "homepage": "http://www.php-fig.org/"
                }
            ],
            "description": "Common interface for logging libraries",
            "keywords": [
                "log",
                "psr",
                "psr-3"
            ],
            "time": "2012-12-21T11:40:51+00:00"
        },
        {
            "name": "seld/cli-prompt",
            "version": "1.0.0",
            "source": {
                "type": "git",
                "url": "https://github.com/Seldaek/cli-prompt.git",
                "reference": "fe114c7a6ac5cb0ce76932ae4017024d9842a49c"
            },
            "dist": {
                "type": "zip",
                "url": "https://api.github.com/repos/Seldaek/cli-prompt/zipball/fe114c7a6ac5cb0ce76932ae4017024d9842a49c",
                "reference": "fe114c7a6ac5cb0ce76932ae4017024d9842a49c",
                "shasum": ""
            },
            "require": {
                "php": ">=5.3"
            },
            "type": "library",
            "extra": {
                "branch-alias": {
                    "dev-master": "1.x-dev"
                }
            },
            "autoload": {
                "psr-4": {
                    "Seld\\CliPrompt\\": "src/"
                }
            },
            "notification-url": "https://packagist.org/downloads/",
            "license": [
                "MIT"
            ],
            "authors": [
                {
                    "name": "Jordi Boggiano",
                    "email": "j.boggiano@seld.be"
                }
            ],
            "description": "Allows you to prompt for user input on the command line, and optionally hide the characters they type",
            "keywords": [
                "cli",
                "console",
                "hidden",
                "input",
                "prompt"
            ],
            "time": "2015-04-30T20:24:49+00:00"
        },
        {
            "name": "seld/jsonlint",
            "version": "1.4.0",
            "source": {
                "type": "git",
                "url": "https://github.com/Seldaek/jsonlint.git",
                "reference": "66834d3e3566bb5798db7294619388786ae99394"
            },
            "dist": {
                "type": "zip",
                "url": "https://api.github.com/repos/Seldaek/jsonlint/zipball/66834d3e3566bb5798db7294619388786ae99394",
                "reference": "66834d3e3566bb5798db7294619388786ae99394",
                "shasum": ""
            },
            "require": {
                "php": "^5.3 || ^7.0"
            },
            "bin": [
                "bin/jsonlint"
            ],
            "type": "library",
            "autoload": {
                "psr-4": {
                    "Seld\\JsonLint\\": "src/Seld/JsonLint/"
                }
            },
            "notification-url": "https://packagist.org/downloads/",
            "license": [
                "MIT"
            ],
            "authors": [
                {
                    "name": "Jordi Boggiano",
                    "email": "j.boggiano@seld.be",
                    "homepage": "http://seld.be"
                }
            ],
            "description": "JSON Linter",
            "keywords": [
                "json",
                "linter",
                "parser",
                "validator"
            ],
            "time": "2015-11-21T02:21:41+00:00"
        },
        {
            "name": "seld/phar-utils",
            "version": "1.0.0",
            "source": {
                "type": "git",
                "url": "https://github.com/Seldaek/phar-utils.git",
                "reference": "336bb5ee20de511f3c1a164222fcfd194afcab3a"
            },
            "dist": {
                "type": "zip",
                "url": "https://api.github.com/repos/Seldaek/phar-utils/zipball/336bb5ee20de511f3c1a164222fcfd194afcab3a",
                "reference": "336bb5ee20de511f3c1a164222fcfd194afcab3a",
                "shasum": ""
            },
            "require": {
                "php": ">=5.3"
            },
            "type": "library",
            "extra": {
                "branch-alias": {
                    "dev-master": "1.x-dev"
                }
            },
            "autoload": {
                "psr-4": {
                    "Seld\\PharUtils\\": "src/"
                }
            },
            "notification-url": "https://packagist.org/downloads/",
            "license": [
                "MIT"
            ],
            "authors": [
                {
                    "name": "Jordi Boggiano",
                    "email": "j.boggiano@seld.be"
                }
            ],
            "description": "PHAR file format utilities, for when PHP phars you up",
            "keywords": [
                "phra"
            ],
            "time": "2015-05-01T12:45:48+00:00"
        },
        {
            "name": "symfony/console",
            "version": "v2.7.0",
            "source": {
                "type": "git",
                "url": "https://github.com/symfony/console.git",
                "reference": "7f0bec04961c61c961df0cb8c2ae88dbfd83f399"
            },
            "dist": {
                "type": "zip",
                "url": "https://api.github.com/repos/symfony/console/zipball/7f0bec04961c61c961df0cb8c2ae88dbfd83f399",
                "reference": "7f0bec04961c61c961df0cb8c2ae88dbfd83f399",
                "shasum": ""
            },
            "require": {
                "php": ">=5.3.9"
            },
            "require-dev": {
                "psr/log": "~1.0",
                "symfony/event-dispatcher": "~2.1",
                "symfony/phpunit-bridge": "~2.7",
                "symfony/process": "~2.1"
            },
            "suggest": {
                "psr/log": "For using the console logger",
                "symfony/event-dispatcher": "",
                "symfony/process": ""
            },
            "type": "library",
            "extra": {
                "branch-alias": {
                    "dev-master": "2.7-dev"
                }
            },
            "autoload": {
                "psr-4": {
                    "Symfony\\Component\\Console\\": ""
                }
            },
            "notification-url": "https://packagist.org/downloads/",
            "license": [
                "MIT"
            ],
            "authors": [
                {
                    "name": "Fabien Potencier",
                    "email": "fabien@symfony.com"
                },
                {
                    "name": "Symfony Community",
                    "homepage": "https://symfony.com/contributors"
                }
            ],
            "description": "Symfony Console Component",
            "homepage": "https://symfony.com",
            "time": "2015-05-29T16:22:24+00:00"
        },
        {
            "name": "symfony/filesystem",
            "version": "v2.7.0",
            "source": {
                "type": "git",
                "url": "https://github.com/symfony/filesystem.git",
                "reference": "ae4551fd6d4d4f51f2e7390fbc902fbd67f3b7ba"
            },
            "dist": {
                "type": "zip",
                "url": "https://api.github.com/repos/symfony/filesystem/zipball/ae4551fd6d4d4f51f2e7390fbc902fbd67f3b7ba",
                "reference": "ae4551fd6d4d4f51f2e7390fbc902fbd67f3b7ba",
                "shasum": ""
            },
            "require": {
                "php": ">=5.3.9"
            },
            "require-dev": {
                "symfony/phpunit-bridge": "~2.7"
            },
            "type": "library",
            "extra": {
                "branch-alias": {
                    "dev-master": "2.7-dev"
                }
            },
            "autoload": {
                "psr-4": {
                    "Symfony\\Component\\Filesystem\\": ""
                }
            },
            "notification-url": "https://packagist.org/downloads/",
            "license": [
                "MIT"
            ],
            "authors": [
                {
                    "name": "Fabien Potencier",
                    "email": "fabien@symfony.com"
                },
                {
                    "name": "Symfony Community",
                    "homepage": "https://symfony.com/contributors"
                }
            ],
            "description": "Symfony Filesystem Component",
            "homepage": "https://symfony.com",
            "time": "2015-05-15T13:33:16+00:00"
        },
        {
            "name": "symfony/finder",
            "version": "v2.7.0",
            "source": {
                "type": "git",
                "url": "https://github.com/symfony/Finder.git",
                "reference": "ccb8ed8339cf24824f2ef35dacec30d92ff44368"
            },
            "dist": {
                "type": "zip",
                "url": "https://api.github.com/repos/symfony/Finder/zipball/ccb8ed8339cf24824f2ef35dacec30d92ff44368",
                "reference": "ccb8ed8339cf24824f2ef35dacec30d92ff44368",
                "shasum": ""
            },
            "require": {
                "php": ">=5.3.9"
            },
            "require-dev": {
                "symfony/phpunit-bridge": "~2.7"
            },
            "type": "library",
            "extra": {
                "branch-alias": {
                    "dev-master": "2.7-dev"
                }
            },
            "autoload": {
                "psr-4": {
                    "Symfony\\Component\\Finder\\": ""
                }
            },
            "notification-url": "https://packagist.org/downloads/",
            "license": [
                "MIT"
            ],
            "authors": [
                {
                    "name": "Fabien Potencier",
                    "email": "fabien@symfony.com"
                },
                {
                    "name": "Symfony Community",
                    "homepage": "https://symfony.com/contributors"
                }
            ],
            "description": "Symfony Finder Component",
            "homepage": "https://symfony.com",
            "time": "2015-05-15T14:02:48+00:00"
        },
        {
            "name": "symfony/process",
            "version": "v2.7.0",
            "source": {
                "type": "git",
                "url": "https://github.com/symfony/Process.git",
                "reference": "e0a82b58e36afc60f8e79b8bc85a22bb064077c1"
            },
            "dist": {
                "type": "zip",
                "url": "https://api.github.com/repos/symfony/Process/zipball/e0a82b58e36afc60f8e79b8bc85a22bb064077c1",
                "reference": "e0a82b58e36afc60f8e79b8bc85a22bb064077c1",
                "shasum": ""
            },
            "require": {
                "php": ">=5.3.9"
            },
            "require-dev": {
                "symfony/phpunit-bridge": "~2.7"
            },
            "type": "library",
            "extra": {
                "branch-alias": {
                    "dev-master": "2.7-dev"
                }
            },
            "autoload": {
                "psr-4": {
                    "Symfony\\Component\\Process\\": ""
                }
            },
            "notification-url": "https://packagist.org/downloads/",
            "license": [
                "MIT"
            ],
            "authors": [
                {
                    "name": "Fabien Potencier",
                    "email": "fabien@symfony.com"
                },
                {
                    "name": "Symfony Community",
                    "homepage": "https://symfony.com/contributors"
                }
            ],
            "description": "Symfony Process Component",
            "homepage": "https://symfony.com",
            "time": "2015-05-15T13:33:16+00:00"
        }
    ],
    "packages-dev": [],
    "aliases": [],
    "minimum-stability": "stable",
    "stability-flags": [],
    "prefer-stable": false,
    "prefer-lowest": true,
    "platform": [],
    "platform-dev": [],
    "plugin-api-version": "1.1.0"
}
